
Microsoft Visual Studio Solution File, Format Version 12.00
# Visual Studio Version 16
VisualStudioVersion = 16.0.32228.343
MinimumVisualStudioVersion = 10.0.40219.1
Project("{FAE04EC0-301F-11D3-BF4B-00C04F79EFBC}") = "eShop", "eShop\eShop.csproj", "{4BC513A2-1BF1-4F60-99F0-4BECCB0E44E0}"
EndProject
Global
	GlobalSection(SolutionConfigurationPlatforms) = preSolution
		Debug|Any CPU = Debug|Any CPU
		Release|Any CPU = Release|Any CPU
	EndGlobalSection
	GlobalSection(ProjectConfigurationPlatforms) = postSolution
		{4BC513A2-1BF1-4F60-99F0-4BECCB0E44E0}.Debug|Any CPU.ActiveCfg = Debug|Any CPU
		{4BC513A2-1BF1-4F60-99F0-4BECCB0E44E0}.Debug|Any CPU.Build.0 = Debug|Any CPU
		{4BC513A2-1BF1-4F60-99F0-4BECCB0E44E0}.Release|Any CPU.ActiveCfg = Release|Any CPU
		{4BC513A2-1BF1-4F60-99F0-4BECCB0E44E0}.Release|Any CPU.Build.0 = Release|Any CPU
	EndGlobalSection
	GlobalSection(SolutionProperties) = preSolution
		HideSolutionNode = FALSE
	EndGlobalSection
	GlobalSection(ExtensibilityGlobals) = postSolution
		SolutionGuid = {1017D4FD-E3AD-4A7B-89B9-2B5EB82CA29D}
	EndGlobalSection
EndGlobal
